github.com/disgoorg/log v1.2.0 h1:sqlXnu/ZKAlIlHV9IO+dbMto7/hCQ474vlIdMWk8QKo=
github.com/disgoorg/log v1.2.0/go.mod h1:3x1KDG6DI1CE2pDwi3qlwT3wlXpeHW/5rVay+1qDqOo=
github.com/joho/godotenv v1.5.1 h1:7eLL/+HRGLY0ldzfGMeQkb7vMd0as4CfYvUVzLqw0N0=
github.com/joho/godotenv v1.5.1/go.mod h1:f4LDr5Voq0i2e/R5DDNOoa2zzDfwtkZa6DnEwAbqwq4=
